schema: '2.0'
stages:
  make_data:
    cmd: python src/make_data.py --out data/processed/telco_churn.csv
    deps:
    - path: data/raw/telco_churn.csv
      hash: md5
      md5: 006527876bfe18c977d74eb4bc59443f
      size: 873370
    - path: src/make_data.py
      hash: md5
      md5: 74eed17ad71e7516e65caab3341551ff
      size: 1653
    outs:
    - path: data/processed/telco_churn.csv
      hash: md5
      md5: ac40be7770ac4b2e22a43d2ec75a2bad
      size: 883371
  preprocess:
    cmd: python src/preprocess_data.py --input data/processed/telco_churn.csv 
      --out data/prepared/telco_churn_prepared.csv
    deps:
    - path: data/processed/telco_churn.csv
      hash: md5
      md5: ac40be7770ac4b2e22a43d2ec75a2bad
      size: 883371
    - path: src/preprocess_data.py
      hash: md5
      md5: 9c4a8df2586273ba9984d06e6592329f
      size: 2576
    outs:
    - path: data/prepared/telco_churn_prepared.csv
      hash: md5
      md5: 004465a82c600845f99d035943fe597f
      size: 1022255
  train:
    cmd: python src/train.py --data data/prepared/telco_churn_prepared.csv 
      --model models/telco_tree.pkl --params params/decision_tree.yaml --metrics
      metrics_tree.json
    deps:
    - path: data/prepared/telco_churn_prepared.csv
      hash: md5
      md5: 004465a82c600845f99d035943fe597f
      size: 1022255
    - path: params/decision_tree.yaml
      hash: md5
      md5: af3189636f3178982f6562df53ffb4fc
      size: 1205
    - path: src/train.py
      hash: md5
      md5: 61191b5c113da3703accad6dc79aed43
      size: 5666
    outs:
    - path: metrics_tree.json
      hash: md5
      md5: 254d8652e8ff84b222575a8d7f009662
      size: 159
    - path: models/telco_tree.pkl
      hash: md5
      md5: 72d346ffbed9a4fe710922f4ac46181f
      size: 7049
